
Microsoft Visual Studio Solution File, Format Version 12.00
# Visual Studio Version 16
VisualStudioVersion = 16.0.33328.57
MinimumVisualStudioVersion = 10.0.40219.1
Project("{FAE04EC0-301F-11D3-BF4B-00C04F79EFBC}") = "Api_Libreria", "Api_Libreria.csproj", "{6CA30037-D26B-42A8-B4FD-A22A8213B7B0}"
EndProject
Project("{FAE04EC0-301F-11D3-BF4B-00C04F79EFBC}") = "CapaEntidad", "..\CapaEntidad\CapaEntidad.csproj", "{125A290D-B193-4AFC-A0C7-5CA766BD96DD}"
EndProject
Project("{FAE04EC0-301F-11D3-BF4B-00C04F79EFBC}") = "CapaDatos", "..\CapaDatos\CapaDatos.csproj", "{4AEE8945-685C-4A1F-B474-F1854B52C010}"
EndProject
Global
	GlobalSection(SolutionConfigurationPlatforms) = preSolution
		Debug|Any CPU = Debug|Any CPU
		Release|Any CPU = Release|Any CPU
	EndGlobalSection
	GlobalSection(ProjectConfigurationPlatforms) = postSolution
		{6CA30037-D26B-42A8-B4FD-A22A8213B7B0}.Debug|Any CPU.ActiveCfg = Debug|Any CPU
		{6CA30037-D26B-42A8-B4FD-A22A8213B7B0}.Debug|Any CPU.Build.0 = Debug|Any CPU
		{6CA30037-D26B-42A8-B4FD-A22A8213B7B0}.Release|Any CPU.ActiveCfg = Release|Any CPU
		{6CA30037-D26B-42A8-B4FD-A22A8213B7B0}.Release|Any CPU.Build.0 = Release|Any CPU
		{125A290D-B193-4AFC-A0C7-5CA766BD96DD}.Debug|Any CPU.ActiveCfg = Debug|Any CPU
		{125A290D-B193-4AFC-A0C7-5CA766BD96DD}.Debug|Any CPU.Build.0 = Debug|Any CPU
		{125A290D-B193-4AFC-A0C7-5CA766BD96DD}.Release|Any CPU.ActiveCfg = Release|Any CPU
		{125A290D-B193-4AFC-A0C7-5CA766BD96DD}.Release|Any CPU.Build.0 = Release|Any CPU
		{4AEE8945-685C-4A1F-B474-F1854B52C010}.Debug|Any CPU.ActiveCfg = Debug|Any CPU
		{4AEE8945-685C-4A1F-B474-F1854B52C010}.Debug|Any CPU.Build.0 = Debug|Any CPU
		{4AEE8945-685C-4A1F-B474-F1854B52C010}.Release|Any CPU.ActiveCfg = Release|Any CPU
		{4AEE8945-685C-4A1F-B474-F1854B52C010}.Release|Any CPU.Build.0 = Release|Any CPU
	EndGlobalSection
	GlobalSection(SolutionProperties) = preSolution
		HideSolutionNode = FALSE
	EndGlobalSection
	GlobalSection(ExtensibilityGlobals) = postSolution
		SolutionGuid = {6D764BA7-3306-4330-86BA-B84AC61E4138}
	EndGlobalSection
EndGlobal
